PODS:
  - Flutter (1.0.0)
  - uikit_bindings (0.0.1):
    - Flutter

DEPENDENCIES:
  - Flutter (from `Flutter`)
  - uikit_bindings (from `.symlinks/plugins/uikit_bindings/ios`)

EXTERNAL SOURCES:
  Flutter:
    :path: Flutter
  uikit_bindings:
    :path: ".symlinks/plugins/uikit_bindings/ios"

SPEC CHECKSUMS:
  Flutter: cabc95a1d2626b1b06e7179b784ebcf0c0cde467
  uikit_bindings: b355bbce3a4cdf865ef5cc61a4660323b4d28372

PODFILE CHECKSUM: 3c63482e143d1b91d2d2560aee9fb04ecc74ac7e

COCOAPODS: 1.16.2
